{
  "nodes": {
    "flake-utils": {
      "locked": {
        "lastModified": 1667395993,
        "narHash": "sha256-nuEHfE/LcWyuSWnS8t12N1wc105Qtau+/OdUAjtQ0rA=",
        "owner": "numtide",
        "repo": "flake-utils",
        "rev": "5aed5285a952e0b949eb3ba02c12fa4fcfef535f",
        "type": "github"
      },
      "original": {
        "owner": "numtide",
        "repo": "flake-utils",
        "type": "github"
      }
    },
    "nixpkgs": {
      "locked": {
        "lastModified": 1669791787,
        "narHash": "sha256-KBfoA2fOI5+wCrm7PR+j7jHqXeTkVRPQ0m5fcKchyuU=",
        "owner": "NixOS",
        "repo": "nixpkgs",
        "rev": "e76c78d20685a043d23f5f9e0ccd2203997f1fb1",
        "type": "github"
      },
      "original": {
        "owner": "NixOS",
        "ref": "nixos-unstable",
        "repo": "nixpkgs",
        "type": "github"
      }
    },
    "nixpkgs-old": {
      "locked": {
        "lastModified": 1649167774,
        "narHash": "sha256-lJrybanbUcxGNjPPHHETusn8zE04ugqGr+OJEJYd7r8=",
        "owner": "NixOS",
        "repo": "nixpkgs",
        "rev": "0e6945185b65ed6a163501d66420f8a16e49e4c3",
        "type": "github"
      },
      "original": {
        "owner": "NixOS",
        "repo": "nixpkgs",
        "rev": "0e6945185b65ed6a163501d66420f8a16e49e4c3",
        "type": "github"
      }
    },
    "nixpkgs-old-old": {
      "locked": {
        "lastModified": 1617769200,
        "narHash": "sha256-6oftd7Kpe+z9/LbBFyFajgUXL7hCIStVhCUGWYloAmE=",
        "owner": "NixOS",
        "repo": "nixpkgs",
        "rev": "5ed5e2a39100611d48095e053847d426ae21a2a4",
        "type": "github"
      },
      "original": {
        "owner": "NixOS",
        "repo": "nixpkgs",
        "rev": "5ed5e2a39100611d48095e053847d426ae21a2a4",
        "type": "github"
      }
    },
    "root": {
      "inputs": {
        "flake-utils": "flake-utils",
        "nixpkgs": "nixpkgs",
        "nixpkgs-old": "nixpkgs-old",
        "nixpkgs-old-old": "nixpkgs-old-old"
      }
    }
  },
  "root": "root",
  "version": 7
}
